
Microsoft Visual Studio Solution File, Format Version 12.00
# Visual Studio 15
VisualStudioVersion = 15.0.28306.52
MinimumVisualStudioVersion = 10.0.40219.1
Project("{888888A0-9F3D-457C-B088-3A5042F75D52}") = "myCMinus", "myCMinus\myCMinus.pyproj", "{A479AB99-76D5-434D-97EF-C5902A167DC8}"
EndProject
Global
	GlobalSection(SolutionConfigurationPlatforms) = preSolution
		Debug|Any CPU = Debug|Any CPU
		Release|Any CPU = Release|Any CPU
	EndGlobalSection
	GlobalSection(ProjectConfigurationPlatforms) = postSolution
		{A479AB99-76D5-434D-97EF-C5902A167DC8}.Debug|Any CPU.ActiveCfg = Debug|Any CPU
		{A479AB99-76D5-434D-97EF-C5902A167DC8}.Release|Any CPU.ActiveCfg = Release|Any CPU
	EndGlobalSection
	GlobalSection(SolutionProperties) = preSolution
		HideSolutionNode = FALSE
	EndGlobalSection
	GlobalSection(ExtensibilityGlobals) = postSolution
		SolutionGuid = {0FE66CA1-8416-498C-8E5A-8C838E90A67E}
	EndGlobalSection
EndGlobal
